
Microsoft Visual Studio Solution File, Format Version 12.00
# Visual Studio Version 17
VisualStudioVersion = 17.9.34728.123
MinimumVisualStudioVersion = 10.0.40219.1
Project("{2150E333-8FDC-42A3-9474-1A3956D46DE8}") = "src", "src", "{9AB9C3B6-E086-41D5-9A01-CCCDBF4BA882}"
EndProject
Project("{2150E333-8FDC-42A3-9474-1A3956D46DE8}") = "test", "test", "{CF015DE1-262E-488C-B1CF-8031A7A74634}"
EndProject
Project("{2150E333-8FDC-42A3-9474-1A3956D46DE8}") = "UI", "UI", "{5C00DD86-8B40-48A3-A48A-BD0164FE55A7}"
EndProject
Project("{2150E333-8FDC-42A3-9474-1A3956D46DE8}") = "Infrastructure", "Infrastructure", "{C3C84C96-F85C-4865-A78C-484FF129B31F}"
EndProject
Project("{2150E333-8FDC-42A3-9474-1A3956D46DE8}") = "API", "API", "{DD1D5A46-5CFA-4879-9751-CFB01C0458E0}"
EndProject
Project("{2150E333-8FDC-42A3-9474-1A3956D46DE8}") = "Core", "Core", "{7745A95C-AAAD-4445-857B-63A5D61E3BF2}"
EndProject
Project("{9A19103F-16F7-4668-BE54-9A1E7A4F7556}") = "HR.LeaveManagement.Domain", "HR.LeaveManagement.Domain\HR.LeaveManagement.Domain.csproj", "{16EE763E-3706-4663-B284-53A238407A31}"
EndProject
Project("{9A19103F-16F7-4668-BE54-9A1E7A4F7556}") = "HR.LeaveManagement.Application", "HR.LeaveManagement.Application\HR.LeaveManagement.Application.csproj", "{DA249B40-9CFC-4D74-827A-C22CD19F433C}"
EndProject
Project("{9A19103F-16F7-4668-BE54-9A1E7A4F7556}") = "HR.LeaveManagement.Persistence", "HR.LeaveManagement.Persistence\HR.LeaveManagement.Persistence.csproj", "{12945535-DC71-40C9-B30C-D83BB936AE6E}"
EndProject
Project("{FAE04EC0-301F-11D3-BF4B-00C04F79EFBC}") = "HR.LeaveManagement.Infrastructure", "HR.LeaveManagement.Infrastructure\HR.LeaveManagement.Infrastructure.csproj", "{0B299A7F-0D6F-4F74-A5EF-66F4029D697C}"
EndProject
Global
	GlobalSection(SolutionConfigurationPlatforms) = preSolution
		Debug|Any CPU = Debug|Any CPU
		Release|Any CPU = Release|Any CPU
	EndGlobalSection
	GlobalSection(ProjectConfigurationPlatforms) = postSolution
		{16EE763E-3706-4663-B284-53A238407A31}.Debug|Any CPU.ActiveCfg = Debug|Any CPU
		{16EE763E-3706-4663-B284-53A238407A31}.Debug|Any CPU.Build.0 = Debug|Any CPU
		{16EE763E-3706-4663-B284-53A238407A31}.Release|Any CPU.ActiveCfg = Release|Any CPU
		{16EE763E-3706-4663-B284-53A238407A31}.Release|Any CPU.Build.0 = Release|Any CPU
		{DA249B40-9CFC-4D74-827A-C22CD19F433C}.Debug|Any CPU.ActiveCfg = Debug|Any CPU
		{DA249B40-9CFC-4D74-827A-C22CD19F433C}.Debug|Any CPU.Build.0 = Debug|Any CPU
		{DA249B40-9CFC-4D74-827A-C22CD19F433C}.Release|Any CPU.ActiveCfg = Release|Any CPU
		{DA249B40-9CFC-4D74-827A-C22CD19F433C}.Release|Any CPU.Build.0 = Release|Any CPU
		{12945535-DC71-40C9-B30C-D83BB936AE6E}.Debug|Any CPU.ActiveCfg = Debug|Any CPU
		{12945535-DC71-40C9-B30C-D83BB936AE6E}.Debug|Any CPU.Build.0 = Debug|Any CPU
		{12945535-DC71-40C9-B30C-D83BB936AE6E}.Release|Any CPU.ActiveCfg = Release|Any CPU
		{12945535-DC71-40C9-B30C-D83BB936AE6E}.Release|Any CPU.Build.0 = Release|Any CPU
		{0B299A7F-0D6F-4F74-A5EF-66F4029D697C}.Debug|Any CPU.ActiveCfg = Debug|Any CPU
		{0B299A7F-0D6F-4F74-A5EF-66F4029D697C}.Debug|Any CPU.Build.0 = Debug|Any CPU
		{0B299A7F-0D6F-4F74-A5EF-66F4029D697C}.Release|Any CPU.ActiveCfg = Release|Any CPU
		{0B299A7F-0D6F-4F74-A5EF-66F4029D697C}.Release|Any CPU.Build.0 = Release|Any CPU
	EndGlobalSection
	GlobalSection(SolutionProperties) = preSolution
		HideSolutionNode = FALSE
	EndGlobalSection
	GlobalSection(NestedProjects) = preSolution
		{5C00DD86-8B40-48A3-A48A-BD0164FE55A7} = {9AB9C3B6-E086-41D5-9A01-CCCDBF4BA882}
		{C3C84C96-F85C-4865-A78C-484FF129B31F} = {9AB9C3B6-E086-41D5-9A01-CCCDBF4BA882}
		{DD1D5A46-5CFA-4879-9751-CFB01C0458E0} = {9AB9C3B6-E086-41D5-9A01-CCCDBF4BA882}
		{7745A95C-AAAD-4445-857B-63A5D61E3BF2} = {9AB9C3B6-E086-41D5-9A01-CCCDBF4BA882}
		{16EE763E-3706-4663-B284-53A238407A31} = {7745A95C-AAAD-4445-857B-63A5D61E3BF2}
		{DA249B40-9CFC-4D74-827A-C22CD19F433C} = {7745A95C-AAAD-4445-857B-63A5D61E3BF2}
		{12945535-DC71-40C9-B30C-D83BB936AE6E} = {C3C84C96-F85C-4865-A78C-484FF129B31F}
		{0B299A7F-0D6F-4F74-A5EF-66F4029D697C} = {C3C84C96-F85C-4865-A78C-484FF129B31F}
	EndGlobalSection
	GlobalSection(ExtensibilityGlobals) = postSolution
		SolutionGuid = {C49BD215-0A86-4E49-A665-950989DB8E13}
	EndGlobalSection
EndGlobal
